
Microsoft Visual Studio Solution File, Format Version 12.00
# Visual Studio Version 17
VisualStudioVersion = 17.10.34707.107
MinimumVisualStudioVersion = 10.0.40219.1
Project("{FAE04EC0-301F-11D3-BF4B-00C04F79EFBC}") = "WebApplication1", "WebApplication1\WebApplication1.csproj", "{EC0F5A07-E202-4356-8A5C-FB5383FA02EC}"
EndProject
Global
	GlobalSection(SolutionConfigurationPlatforms) = preSolution
		Debug|Any CPU = Debug|Any CPU
		Release|Any CPU = Release|Any CPU
	EndGlobalSection
	GlobalSection(ProjectConfigurationPlatforms) = postSolution
		{EC0F5A07-E202-4356-8A5C-FB5383FA02EC}.Debug|Any CPU.ActiveCfg = Debug|Any CPU
		{EC0F5A07-E202-4356-8A5C-FB5383FA02EC}.Debug|Any CPU.Build.0 = Debug|Any CPU
		{EC0F5A07-E202-4356-8A5C-FB5383FA02EC}.Release|Any CPU.ActiveCfg = Release|Any CPU
		{EC0F5A07-E202-4356-8A5C-FB5383FA02EC}.Release|Any CPU.Build.0 = Release|Any CPU
	EndGlobalSection
	GlobalSection(SolutionProperties) = preSolution
		HideSolutionNode = FALSE
	EndGlobalSection
	GlobalSection(ExtensibilityGlobals) = postSolution
		SolutionGuid = {DB014732-3ECA-4EAF-AC7C-E9DF27315BC7}
	EndGlobalSection
EndGlobal
